
Microsoft Visual Studio Solution File, Format Version 12.00
# Visual Studio 15
VisualStudioVersion = 15.0.26730.16
MinimumVisualStudioVersion = 10.0.40219.1
Project("{FAE04EC0-301F-11D3-BF4B-00C04F79EFBC}") = "Assignment 4", "Assignment 4\Assignment 4.csproj", "{40151695-FB1E-4049-92D5-6AE6F6C0B158}"
EndProject
Global
	GlobalSection(SolutionConfigurationPlatforms) = preSolution
		Debug|Any CPU = Debug|Any CPU
		Release|Any CPU = Release|Any CPU
	EndGlobalSection
	GlobalSection(ProjectConfigurationPlatforms) = postSolution
		{40151695-FB1E-4049-92D5-6AE6F6C0B158}.Debug|Any CPU.ActiveCfg = Debug|Any CPU
		{40151695-FB1E-4049-92D5-6AE6F6C0B158}.Debug|Any CPU.Build.0 = Debug|Any CPU
		{40151695-FB1E-4049-92D5-6AE6F6C0B158}.Release|Any CPU.ActiveCfg = Release|Any CPU
		{40151695-FB1E-4049-92D5-6AE6F6C0B158}.Release|Any CPU.Build.0 = Release|Any CPU
	EndGlobalSection
	GlobalSection(SolutionProperties) = preSolution
		HideSolutionNode = FALSE
	EndGlobalSection
	GlobalSection(ExtensibilityGlobals) = postSolution
		SolutionGuid = {5D1C664C-84EB-4CF0-A532-FD5BDC8FC121}
	EndGlobalSection
EndGlobal
